
Microsoft Visual Studio Solution File, Format Version 12.00
# Visual Studio Version 17
VisualStudioVersion = 17.5.002.0
MinimumVisualStudioVersion = 10.0.40219.1
Project("{2150E333-8FDC-42A3-9474-1A3956D46DE8}") = "prepare", "prepare", "{305BA773-11EB-45D8-ADB5-0362AD48ECC0}"
EndProject
Project("{9A19103F-16F7-4668-BE54-9A1E7A4F7556}") = "Learning02", "prepare\Learning02\Learning02.csproj", "{7B456C07-D597-4A75-A4A9-8A00CAB5F293}"
EndProject
Project("{9A19103F-16F7-4668-BE54-9A1E7A4F7556}") = "Learning05", "prepare\Learning05\Learning05.csproj", "{249A7E53-3933-40F1-8BE3-E116654B7A5E}"
EndProject
Project("{9A19103F-16F7-4668-BE54-9A1E7A4F7556}") = "Learning04", "prepare\Learning04\Learning04.csproj", "{9342782B-69F4-47D9-8CB5-9461506DA822}"
EndProject
Project("{9A19103F-16F7-4668-BE54-9A1E7A4F7556}") = "Learning03", "prepare\Learning03\Learning03.csproj", "{DACAA9D0-4B8C-4D2D-935A-4F75CCF219A5}"
EndProject
Project("{2150E333-8FDC-42A3-9474-1A3956D46DE8}") = "prove", "prove", "{160AD6BC-3963-4BC4-8538-ADF81E715563}"
EndProject
Project("{9A19103F-16F7-4668-BE54-9A1E7A4F7556}") = "Develop03", "prove\Develop03\Develop03.csproj", "{0CA686CE-2250-4A1B-8A67-F3F8F01CB5F6}"
EndProject
Project("{9A19103F-16F7-4668-BE54-9A1E7A4F7556}") = "Develop04", "prove\Develop04\Develop04.csproj", "{45C9FCCE-4D98-460A-8A2C-09F376661B21}"
EndProject
Project("{9A19103F-16F7-4668-BE54-9A1E7A4F7556}") = "Develop05", "prove\Develop05\Develop05.csproj", "{03BD2FAC-F1FD-4035-8629-83197E652CD6}"
EndProject
Project("{9A19103F-16F7-4668-BE54-9A1E7A4F7556}") = "Develop02", "prove\Develop02\Develop02.csproj", "{73B89B5B-7EA8-4651-A336-42D40ADFFCF6}"
EndProject
Project("{2150E333-8FDC-42A3-9474-1A3956D46DE8}") = "sandbox", "sandbox", "{3B44A680-1867-401E-9B81-79D9637D9378}"
EndProject
Project("{9A19103F-16F7-4668-BE54-9A1E7A4F7556}") = "Sandbox", "sandbox\Sandbox\Sandbox.csproj", "{8934B34E-954C-4B3D-B458-86752F4959C3}"
EndProject
Project("{2150E333-8FDC-42A3-9474-1A3956D46DE8}") = "final", "final", "{DDF5E332-84B0-4ED0-B5ED-CF05B94D922C}"
EndProject
Project("{9A19103F-16F7-4668-BE54-9A1E7A4F7556}") = "FinalProject", "final\FinalProject\FinalProject.csproj", "{4B72551B-D0D9-4E53-8662-88C36473BDF6}"
EndProject
Project("{9A19103F-16F7-4668-BE54-9A1E7A4F7556}") = "Foundation1", "final\Foundation1\Foundation1.csproj", "{7199388D-4E55-41A9-8CCD-E45DB9FAC304}"
EndProject
Project("{9A19103F-16F7-4668-BE54-9A1E7A4F7556}") = "Foundation4", "final\Foundation4\Foundation4.csproj", "{0FB4870D-ED98-45B4-97A2-9A289AA847FF}"
EndProject
Project("{9A19103F-16F7-4668-BE54-9A1E7A4F7556}") = "Foundation3", "final\Foundation3\Foundation3.csproj", "{CEFC3534-6608-494E-912B-CBDA080D7C15}"
EndProject
Project("{9A19103F-16F7-4668-BE54-9A1E7A4F7556}") = "Foundation2", "final\Foundation2\Foundation2.csproj", "{F1047666-C791-446A-824C-F24D6CAB5E3A}"
EndProject
Project("{2150E333-8FDC-42A3-9474-1A3956D46DE8}") = "csharp-prep", "csharp-prep", "{3EA90EA7-A489-472D-8843-793BC7D8B86D}"
EndProject
Project("{9A19103F-16F7-4668-BE54-9A1E7A4F7556}") = "Prep1", "csharp-prep\Prep1\Prep1.csproj", "{CAA7DE7D-5EDB-4AE0-BF7E-674608C2520F}"
EndProject
Project("{9A19103F-16F7-4668-BE54-9A1E7A4F7556}") = "Prep5", "csharp-prep\Prep5\Prep5.csproj", "{75B1E412-75A8-4CEB-9790-75CE70D532BC}"
EndProject
Project("{9A19103F-16F7-4668-BE54-9A1E7A4F7556}") = "Prep2", "csharp-prep\Prep2\Prep2.csproj", "{060FA90F-2289-4E20-8A31-EA9628F3A4E7}"
EndProject
Project("{9A19103F-16F7-4668-BE54-9A1E7A4F7556}") = "Prep3", "csharp-prep\Prep3\Prep3.csproj", "{7411A947-72B7-4871-9E1A-5CD682638AE8}"
EndProject
Project("{9A19103F-16F7-4668-BE54-9A1E7A4F7556}") = "Prep4", "csharp-prep\Prep4\Prep4.csproj", "{52503688-CE3D-4E5C-8C76-559406ED2EF0}"
EndProject
Global
	GlobalSection(SolutionConfigurationPlatforms) = preSolution
		Debug|Any CPU = Debug|Any CPU
		Release|Any CPU = Release|Any CPU
	EndGlobalSection
	GlobalSection(ProjectConfigurationPlatforms) = postSolution
		{7B456C07-D597-4A75-A4A9-8A00CAB5F293}.Debug|Any CPU.ActiveCfg = Debug|Any CPU
		{7B456C07-D597-4A75-A4A9-8A00CAB5F293}.Debug|Any CPU.Build.0 = Debug|Any CPU
		{7B456C07-D597-4A75-A4A9-8A00CAB5F293}.Release|Any CPU.ActiveCfg = Release|Any CPU
		{7B456C07-D597-4A75-A4A9-8A00CAB5F293}.Release|Any CPU.Build.0 = Release|Any CPU
		{249A7E53-3933-40F1-8BE3-E116654B7A5E}.Debug|Any CPU.ActiveCfg = Debug|Any CPU
		{249A7E53-3933-40F1-8BE3-E116654B7A5E}.Debug|Any CPU.Build.0 = Debug|Any CPU
		{249A7E53-3933-40F1-8BE3-E116654B7A5E}.Release|Any CPU.ActiveCfg = Release|Any CPU
		{249A7E53-3933-40F1-8BE3-E116654B7A5E}.Release|Any CPU.Build.0 = Release|Any CPU
		{9342782B-69F4-47D9-8CB5-9461506DA822}.Debug|Any CPU.ActiveCfg = Debug|Any CPU
		{9342782B-69F4-47D9-8CB5-9461506DA822}.Debug|Any CPU.Build.0 = Debug|Any CPU
		{9342782B-69F4-47D9-8CB5-9461506DA822}.Release|Any CPU.ActiveCfg = Release|Any CPU
		{9342782B-69F4-47D9-8CB5-9461506DA822}.Release|Any CPU.Build.0 = Release|Any CPU
		{DACAA9D0-4B8C-4D2D-935A-4F75CCF219A5}.Debug|Any CPU.ActiveCfg = Debug|Any CPU
		{DACAA9D0-4B8C-4D2D-935A-4F75CCF219A5}.Debug|Any CPU.Build.0 = Debug|Any CPU
		{DACAA9D0-4B8C-4D2D-935A-4F75CCF219A5}.Release|Any CPU.ActiveCfg = Release|Any CPU
		{DACAA9D0-4B8C-4D2D-935A-4F75CCF219A5}.Release|Any CPU.Build.0 = Release|Any CPU
		{0CA686CE-2250-4A1B-8A67-F3F8F01CB5F6}.Debug|Any CPU.ActiveCfg = Debug|Any CPU
		{0CA686CE-2250-4A1B-8A67-F3F8F01CB5F6}.Debug|Any CPU.Build.0 = Debug|Any CPU
		{0CA686CE-2250-4A1B-8A67-F3F8F01CB5F6}.Release|Any CPU.ActiveCfg = Release|Any CPU
		{0CA686CE-2250-4A1B-8A67-F3F8F01CB5F6}.Release|Any CPU.Build.0 = Release|Any CPU
		{45C9FCCE-4D98-460A-8A2C-09F376661B21}.Debug|Any CPU.ActiveCfg = Debug|Any CPU
		{45C9FCCE-4D98-460A-8A2C-09F376661B21}.Debug|Any CPU.Build.0 = Debug|Any CPU
		{45C9FCCE-4D98-460A-8A2C-09F376661B21}.Release|Any CPU.ActiveCfg = Release|Any CPU
		{45C9FCCE-4D98-460A-8A2C-09F376661B21}.Release|Any CPU.Build.0 = Release|Any CPU
		{03BD2FAC-F1FD-4035-8629-83197E652CD6}.Debug|Any CPU.ActiveCfg = Debug|Any CPU
		{03BD2FAC-F1FD-4035-8629-83197E652CD6}.Debug|Any CPU.Build.0 = Debug|Any CPU
		{03BD2FAC-F1FD-4035-8629-83197E652CD6}.Release|Any CPU.ActiveCfg = Release|Any CPU
		{03BD2FAC-F1FD-4035-8629-83197E652CD6}.Release|Any CPU.Build.0 = Release|Any CPU
		{73B89B5B-7EA8-4651-A336-42D40ADFFCF6}.Debug|Any CPU.ActiveCfg = Debug|Any CPU
		{73B89B5B-7EA8-4651-A336-42D40ADFFCF6}.Debug|Any CPU.Build.0 = Debug|Any CPU
		{73B89B5B-7EA8-4651-A336-42D40ADFFCF6}.Release|Any CPU.ActiveCfg = Release|Any CPU
		{73B89B5B-7EA8-4651-A336-42D40ADFFCF6}.Release|Any CPU.Build.0 = Release|Any CPU
		{8934B34E-954C-4B3D-B458-86752F4959C3}.Debug|Any CPU.ActiveCfg = Debug|Any CPU
		{8934B34E-954C-4B3D-B458-86752F4959C3}.Debug|Any CPU.Build.0 = Debug|Any CPU
		{8934B34E-954C-4B3D-B458-86752F4959C3}.Release|Any CPU.ActiveCfg = Release|Any CPU
		{8934B34E-954C-4B3D-B458-86752F4959C3}.Release|Any CPU.Build.0 = Release|Any CPU
		{4B72551B-D0D9-4E53-8662-88C36473BDF6}.Debug|Any CPU.ActiveCfg = Debug|Any CPU
		{4B72551B-D0D9-4E53-8662-88C36473BDF6}.Debug|Any CPU.Build.0 = Debug|Any CPU
		{4B72551B-D0D9-4E53-8662-88C36473BDF6}.Release|Any CPU.ActiveCfg = Release|Any CPU
		{4B72551B-D0D9-4E53-8662-88C36473BDF6}.Release|Any CPU.Build.0 = Release|Any CPU
		{7199388D-4E55-41A9-8CCD-E45DB9FAC304}.Debug|Any CPU.ActiveCfg = Debug|Any CPU
		{7199388D-4E55-41A9-8CCD-E45DB9FAC304}.Debug|Any CPU.Build.0 = Debug|Any CPU
		{7199388D-4E55-41A9-8CCD-E45DB9FAC304}.Release|Any CPU.ActiveCfg = Release|Any CPU
		{7199388D-4E55-41A9-8CCD-E45DB9FAC304}.Release|Any CPU.Build.0 = Release|Any CPU
		{0FB4870D-ED98-45B4-97A2-9A289AA847FF}.Debug|Any CPU.ActiveCfg = Debug|Any CPU
		{0FB4870D-ED98-45B4-97A2-9A289AA847FF}.Debug|Any CPU.Build.0 = Debug|Any CPU
		{0FB4870D-ED98-45B4-97A2-9A289AA847FF}.Release|Any CPU.ActiveCfg = Release|Any CPU
		{0FB4870D-ED98-45B4-97A2-9A289AA847FF}.Release|Any CPU.Build.0 = Release|Any CPU
		{CEFC3534-6608-494E-912B-CBDA080D7C15}.Debug|Any CPU.ActiveCfg = Debug|Any CPU
		{CEFC3534-6608-494E-912B-CBDA080D7C15}.Debug|Any CPU.Build.0 = Debug|Any CPU
		{CEFC3534-6608-494E-912B-CBDA080D7C15}.Release|Any CPU.ActiveCfg = Release|Any CPU
		{CEFC3534-6608-494E-912B-CBDA080D7C15}.Release|Any CPU.Build.0 = Release|Any CPU
		{F1047666-C791-446A-824C-F24D6CAB5E3A}.Debug|Any CPU.ActiveCfg = Debug|Any CPU
		{F1047666-C791-446A-824C-F24D6CAB5E3A}.Debug|Any CPU.Build.0 = Debug|Any CPU
		{F1047666-C791-446A-824C-F24D6CAB5E3A}.Release|Any CPU.ActiveCfg = Release|Any CPU
		{F1047666-C791-446A-824C-F24D6CAB5E3A}.Release|Any CPU.Build.0 = Release|Any CPU
		{CAA7DE7D-5EDB-4AE0-BF7E-674608C2520F}.Debug|Any CPU.ActiveCfg = Debug|Any CPU
		{CAA7DE7D-5EDB-4AE0-BF7E-674608C2520F}.Debug|Any CPU.Build.0 = Debug|Any CPU
		{CAA7DE7D-5EDB-4AE0-BF7E-674608C2520F}.Release|Any CPU.ActiveCfg = Release|Any CPU
		{CAA7DE7D-5EDB-4AE0-BF7E-674608C2520F}.Release|Any CPU.Build.0 = Release|Any CPU
		{75B1E412-75A8-4CEB-9790-75CE70D532BC}.Debug|Any CPU.ActiveCfg = Debug|Any CPU
		{75B1E412-75A8-4CEB-9790-75CE70D532BC}.Debug|Any CPU.Build.0 = Debug|Any CPU
		{75B1E412-75A8-4CEB-9790-75CE70D532BC}.Release|Any CPU.ActiveCfg = Release|Any CPU
		{75B1E412-75A8-4CEB-9790-75CE70D532BC}.Release|Any CPU.Build.0 = Release|Any CPU
		{060FA90F-2289-4E20-8A31-EA9628F3A4E7}.Debug|Any CPU.ActiveCfg = Debug|Any CPU
		{060FA90F-2289-4E20-8A31-EA9628F3A4E7}.Debug|Any CPU.Build.0 = Debug|Any CPU
		{060FA90F-2289-4E20-8A31-EA9628F3A4E7}.Release|Any CPU.ActiveCfg = Release|Any CPU
		{060FA90F-2289-4E20-8A31-EA9628F3A4E7}.Release|Any CPU.Build.0 = Release|Any CPU
		{7411A947-72B7-4871-9E1A-5CD682638AE8}.Debug|Any CPU.ActiveCfg = Debug|Any CPU
		{7411A947-72B7-4871-9E1A-5CD682638AE8}.Debug|Any CPU.Build.0 = Debug|Any CPU
		{7411A947-72B7-4871-9E1A-5CD682638AE8}.Release|Any CPU.ActiveCfg = Release|Any CPU
		{7411A947-72B7-4871-9E1A-5CD682638AE8}.Release|Any CPU.Build.0 = Release|Any CPU
		{52503688-CE3D-4E5C-8C76-559406ED2EF0}.Debug|Any CPU.ActiveCfg = Debug|Any CPU
		{52503688-CE3D-4E5C-8C76-559406ED2EF0}.Debug|Any CPU.Build.0 = Debug|Any CPU
		{52503688-CE3D-4E5C-8C76-559406ED2EF0}.Release|Any CPU.ActiveCfg = Release|Any CPU
		{52503688-CE3D-4E5C-8C76-559406ED2EF0}.Release|Any CPU.Build.0 = Release|Any CPU
	EndGlobalSection
	GlobalSection(SolutionProperties) = preSolution
		HideSolutionNode = FALSE
	EndGlobalSection
	GlobalSection(NestedProjects) = preSolution
		{7B456C07-D597-4A75-A4A9-8A00CAB5F293} = {305BA773-11EB-45D8-ADB5-0362AD48ECC0}
		{249A7E53-3933-40F1-8BE3-E116654B7A5E} = {305BA773-11EB-45D8-ADB5-0362AD48ECC0}
		{9342782B-69F4-47D9-8CB5-9461506DA822} = {305BA773-11EB-45D8-ADB5-0362AD48ECC0}
		{DACAA9D0-4B8C-4D2D-935A-4F75CCF219A5} = {305BA773-11EB-45D8-ADB5-0362AD48ECC0}
		{0CA686CE-2250-4A1B-8A67-F3F8F01CB5F6} = {160AD6BC-3963-4BC4-8538-ADF81E715563}
		{45C9FCCE-4D98-460A-8A2C-09F376661B21} = {160AD6BC-3963-4BC4-8538-ADF81E715563}
		{03BD2FAC-F1FD-4035-8629-83197E652CD6} = {160AD6BC-3963-4BC4-8538-ADF81E715563}
		{73B89B5B-7EA8-4651-A336-42D40ADFFCF6} = {160AD6BC-3963-4BC4-8538-ADF81E715563}
		{8934B34E-954C-4B3D-B458-86752F4959C3} = {3B44A680-1867-401E-9B81-79D9637D9378}
		{4B72551B-D0D9-4E53-8662-88C36473BDF6} = {DDF5E332-84B0-4ED0-B5ED-CF05B94D922C}
		{7199388D-4E55-41A9-8CCD-E45DB9FAC304} = {DDF5E332-84B0-4ED0-B5ED-CF05B94D922C}
		{0FB4870D-ED98-45B4-97A2-9A289AA847FF} = {DDF5E332-84B0-4ED0-B5ED-CF05B94D922C}
		{CEFC3534-6608-494E-912B-CBDA080D7C15} = {DDF5E332-84B0-4ED0-B5ED-CF05B94D922C}
		{F1047666-C791-446A-824C-F24D6CAB5E3A} = {DDF5E332-84B0-4ED0-B5ED-CF05B94D922C}
		{CAA7DE7D-5EDB-4AE0-BF7E-674608C2520F} = {3EA90EA7-A489-472D-8843-793BC7D8B86D}
		{75B1E412-75A8-4CEB-9790-75CE70D532BC} = {3EA90EA7-A489-472D-8843-793BC7D8B86D}
		{060FA90F-2289-4E20-8A31-EA9628F3A4E7} = {3EA90EA7-A489-472D-8843-793BC7D8B86D}
		{7411A947-72B7-4871-9E1A-5CD682638AE8} = {3EA90EA7-A489-472D-8843-793BC7D8B86D}
		{52503688-CE3D-4E5C-8C76-559406ED2EF0} = {3EA90EA7-A489-472D-8843-793BC7D8B86D}
	EndGlobalSection
	GlobalSection(ExtensibilityGlobals) = postSolution
		SolutionGuid = {1B650BC3-D125-4E59-9874-9539537CE611}
	EndGlobalSection
EndGlobal
