
Microsoft Visual Studio Solution File, Format Version 12.00
# Visual Studio Version 17
VisualStudioVersion = 17.5.002.0
MinimumVisualStudioVersion = 10.0.40219.1
Project("{2150E333-8FDC-42A3-9474-1A3956D46DE8}") = "prepare", "prepare", "{4F9D233C-D736-4288-B6BC-054E29E7B9E2}"
EndProject
Project("{9A19103F-16F7-4668-BE54-9A1E7A4F7556}") = "Learning02", "prepare\Learning02\Learning02.csproj", "{8655B059-68C3-4F69-9912-3701101BA173}"
EndProject
Project("{9A19103F-16F7-4668-BE54-9A1E7A4F7556}") = "Learning05", "prepare\Learning05\Learning05.csproj", "{457172DB-B7DE-4288-80A4-416B8CE52FE9}"
EndProject
Project("{9A19103F-16F7-4668-BE54-9A1E7A4F7556}") = "Learning04", "prepare\Learning04\Learning04.csproj", "{E2BB1D0A-6FC5-442C-A3E6-0C9A78ADB5A3}"
EndProject
Project("{9A19103F-16F7-4668-BE54-9A1E7A4F7556}") = "Learning03", "prepare\Learning03\Learning03.csproj", "{86FCAF1E-33B7-40EF-9491-EC08C3953A92}"
EndProject
Project("{2150E333-8FDC-42A3-9474-1A3956D46DE8}") = "prove", "prove", "{59A68D2F-B8B2-4C7D-8529-8D1A31DBE3A6}"
EndProject
Project("{9A19103F-16F7-4668-BE54-9A1E7A4F7556}") = "Develop03", "prove\Develop03\Develop03.csproj", "{1A1F89E3-C727-461E-80B5-A9D2F3DA3776}"
EndProject
Project("{9A19103F-16F7-4668-BE54-9A1E7A4F7556}") = "Develop04", "prove\Develop04\Develop04.csproj", "{D03B9827-9079-435F-AA75-3E98C4D6CB25}"
EndProject
Project("{9A19103F-16F7-4668-BE54-9A1E7A4F7556}") = "Develop05", "prove\Develop05\Develop05.csproj", "{655B85A8-DEF8-4A96-8B60-EAD5E7BA0677}"
EndProject
Project("{9A19103F-16F7-4668-BE54-9A1E7A4F7556}") = "Develop02", "prove\Develop02\Develop02.csproj", "{929F1C47-D88A-4562-BDCD-8330A0C62F75}"
EndProject
Project("{2150E333-8FDC-42A3-9474-1A3956D46DE8}") = "sandbox", "sandbox", "{8D2075DB-DCB0-4DF5-9A97-AB9EB8162808}"
EndProject
Project("{9A19103F-16F7-4668-BE54-9A1E7A4F7556}") = "Sandbox", "sandbox\Sandbox\Sandbox.csproj", "{76FF5C9D-EDDB-4FF4-89E8-7C46F7C366FB}"
EndProject
Project("{2150E333-8FDC-42A3-9474-1A3956D46DE8}") = "final", "final", "{824A62C8-CDD9-4F6C-B5CC-5EAB65D9A7D5}"
EndProject
Project("{9A19103F-16F7-4668-BE54-9A1E7A4F7556}") = "FinalProject", "final\FinalProject\FinalProject.csproj", "{1CD4FBFD-4B08-4DC5-9759-DCABC6AC3350}"
EndProject
Project("{9A19103F-16F7-4668-BE54-9A1E7A4F7556}") = "Foundation1", "final\Foundation1\Foundation1.csproj", "{CEF38FDF-B575-4091-8DA4-7D77C2A158ED}"
EndProject
Project("{9A19103F-16F7-4668-BE54-9A1E7A4F7556}") = "Foundation4", "final\Foundation4\Foundation4.csproj", "{6E3505D4-D666-4C34-855D-0513CD7D8890}"
EndProject
Project("{9A19103F-16F7-4668-BE54-9A1E7A4F7556}") = "Foundation3", "final\Foundation3\Foundation3.csproj", "{FBF55F68-6E0B-4E27-8CDD-03BC2F0D11E3}"
EndProject
Project("{9A19103F-16F7-4668-BE54-9A1E7A4F7556}") = "Foundation2", "final\Foundation2\Foundation2.csproj", "{F4BB3AA5-5321-4E8B-A16C-73114DC6EC0B}"
EndProject
Project("{2150E333-8FDC-42A3-9474-1A3956D46DE8}") = "csharp-prep", "csharp-prep", "{6E211AE6-C138-4734-B62A-67C5DB1406FE}"
EndProject
Project("{9A19103F-16F7-4668-BE54-9A1E7A4F7556}") = "Prep1", "csharp-prep\Prep1\Prep1.csproj", "{9F76AC7D-AC9F-4D6F-B792-D4F507A5A48C}"
EndProject
Project("{9A19103F-16F7-4668-BE54-9A1E7A4F7556}") = "Prep5", "csharp-prep\Prep5\Prep5.csproj", "{D2ED6C36-B7CF-4486-A1D7-74CA9272B40F}"
EndProject
Project("{9A19103F-16F7-4668-BE54-9A1E7A4F7556}") = "Prep2", "csharp-prep\Prep2\Prep2.csproj", "{FE013EFF-FB08-426D-96C2-A731F3377263}"
EndProject
Project("{9A19103F-16F7-4668-BE54-9A1E7A4F7556}") = "Prep3", "csharp-prep\Prep3\Prep3.csproj", "{357E1E2B-594B-4941-9587-AFD41188F6B6}"
EndProject
Project("{9A19103F-16F7-4668-BE54-9A1E7A4F7556}") = "Prep4", "csharp-prep\Prep4\Prep4.csproj", "{6CACB70F-F90C-4EE5-9278-CE1D4473344A}"
EndProject
Global
	GlobalSection(SolutionConfigurationPlatforms) = preSolution
		Debug|Any CPU = Debug|Any CPU
		Release|Any CPU = Release|Any CPU
	EndGlobalSection
	GlobalSection(ProjectConfigurationPlatforms) = postSolution
		{8655B059-68C3-4F69-9912-3701101BA173}.Debug|Any CPU.ActiveCfg = Debug|Any CPU
		{8655B059-68C3-4F69-9912-3701101BA173}.Debug|Any CPU.Build.0 = Debug|Any CPU
		{8655B059-68C3-4F69-9912-3701101BA173}.Release|Any CPU.ActiveCfg = Release|Any CPU
		{8655B059-68C3-4F69-9912-3701101BA173}.Release|Any CPU.Build.0 = Release|Any CPU
		{457172DB-B7DE-4288-80A4-416B8CE52FE9}.Debug|Any CPU.ActiveCfg = Debug|Any CPU
		{457172DB-B7DE-4288-80A4-416B8CE52FE9}.Debug|Any CPU.Build.0 = Debug|Any CPU
		{457172DB-B7DE-4288-80A4-416B8CE52FE9}.Release|Any CPU.ActiveCfg = Release|Any CPU
		{457172DB-B7DE-4288-80A4-416B8CE52FE9}.Release|Any CPU.Build.0 = Release|Any CPU
		{E2BB1D0A-6FC5-442C-A3E6-0C9A78ADB5A3}.Debug|Any CPU.ActiveCfg = Debug|Any CPU
		{E2BB1D0A-6FC5-442C-A3E6-0C9A78ADB5A3}.Debug|Any CPU.Build.0 = Debug|Any CPU
		{E2BB1D0A-6FC5-442C-A3E6-0C9A78ADB5A3}.Release|Any CPU.ActiveCfg = Release|Any CPU
		{E2BB1D0A-6FC5-442C-A3E6-0C9A78ADB5A3}.Release|Any CPU.Build.0 = Release|Any CPU
		{86FCAF1E-33B7-40EF-9491-EC08C3953A92}.Debug|Any CPU.ActiveCfg = Debug|Any CPU
		{86FCAF1E-33B7-40EF-9491-EC08C3953A92}.Debug|Any CPU.Build.0 = Debug|Any CPU
		{86FCAF1E-33B7-40EF-9491-EC08C3953A92}.Release|Any CPU.ActiveCfg = Release|Any CPU
		{86FCAF1E-33B7-40EF-9491-EC08C3953A92}.Release|Any CPU.Build.0 = Release|Any CPU
		{1A1F89E3-C727-461E-80B5-A9D2F3DA3776}.Debug|Any CPU.ActiveCfg = Debug|Any CPU
		{1A1F89E3-C727-461E-80B5-A9D2F3DA3776}.Debug|Any CPU.Build.0 = Debug|Any CPU
		{1A1F89E3-C727-461E-80B5-A9D2F3DA3776}.Release|Any CPU.ActiveCfg = Release|Any CPU
		{1A1F89E3-C727-461E-80B5-A9D2F3DA3776}.Release|Any CPU.Build.0 = Release|Any CPU
		{D03B9827-9079-435F-AA75-3E98C4D6CB25}.Debug|Any CPU.ActiveCfg = Debug|Any CPU
		{D03B9827-9079-435F-AA75-3E98C4D6CB25}.Debug|Any CPU.Build.0 = Debug|Any CPU
		{D03B9827-9079-435F-AA75-3E98C4D6CB25}.Release|Any CPU.ActiveCfg = Release|Any CPU
		{D03B9827-9079-435F-AA75-3E98C4D6CB25}.Release|Any CPU.Build.0 = Release|Any CPU
		{655B85A8-DEF8-4A96-8B60-EAD5E7BA0677}.Debug|Any CPU.ActiveCfg = Debug|Any CPU
		{655B85A8-DEF8-4A96-8B60-EAD5E7BA0677}.Debug|Any CPU.Build.0 = Debug|Any CPU
		{655B85A8-DEF8-4A96-8B60-EAD5E7BA0677}.Release|Any CPU.ActiveCfg = Release|Any CPU
		{655B85A8-DEF8-4A96-8B60-EAD5E7BA0677}.Release|Any CPU.Build.0 = Release|Any CPU
		{929F1C47-D88A-4562-BDCD-8330A0C62F75}.Debug|Any CPU.ActiveCfg = Debug|Any CPU
		{929F1C47-D88A-4562-BDCD-8330A0C62F75}.Debug|Any CPU.Build.0 = Debug|Any CPU
		{929F1C47-D88A-4562-BDCD-8330A0C62F75}.Release|Any CPU.ActiveCfg = Release|Any CPU
		{929F1C47-D88A-4562-BDCD-8330A0C62F75}.Release|Any CPU.Build.0 = Release|Any CPU
		{76FF5C9D-EDDB-4FF4-89E8-7C46F7C366FB}.Debug|Any CPU.ActiveCfg = Debug|Any CPU
		{76FF5C9D-EDDB-4FF4-89E8-7C46F7C366FB}.Debug|Any CPU.Build.0 = Debug|Any CPU
		{76FF5C9D-EDDB-4FF4-89E8-7C46F7C366FB}.Release|Any CPU.ActiveCfg = Release|Any CPU
		{76FF5C9D-EDDB-4FF4-89E8-7C46F7C366FB}.Release|Any CPU.Build.0 = Release|Any CPU
		{1CD4FBFD-4B08-4DC5-9759-DCABC6AC3350}.Debug|Any CPU.ActiveCfg = Debug|Any CPU
		{1CD4FBFD-4B08-4DC5-9759-DCABC6AC3350}.Debug|Any CPU.Build.0 = Debug|Any CPU
		{1CD4FBFD-4B08-4DC5-9759-DCABC6AC3350}.Release|Any CPU.ActiveCfg = Release|Any CPU
		{1CD4FBFD-4B08-4DC5-9759-DCABC6AC3350}.Release|Any CPU.Build.0 = Release|Any CPU
		{CEF38FDF-B575-4091-8DA4-7D77C2A158ED}.Debug|Any CPU.ActiveCfg = Debug|Any CPU
		{CEF38FDF-B575-4091-8DA4-7D77C2A158ED}.Debug|Any CPU.Build.0 = Debug|Any CPU
		{CEF38FDF-B575-4091-8DA4-7D77C2A158ED}.Release|Any CPU.ActiveCfg = Release|Any CPU
		{CEF38FDF-B575-4091-8DA4-7D77C2A158ED}.Release|Any CPU.Build.0 = Release|Any CPU
		{6E3505D4-D666-4C34-855D-0513CD7D8890}.Debug|Any CPU.ActiveCfg = Debug|Any CPU
		{6E3505D4-D666-4C34-855D-0513CD7D8890}.Debug|Any CPU.Build.0 = Debug|Any CPU
		{6E3505D4-D666-4C34-855D-0513CD7D8890}.Release|Any CPU.ActiveCfg = Release|Any CPU
		{6E3505D4-D666-4C34-855D-0513CD7D8890}.Release|Any CPU.Build.0 = Release|Any CPU
		{FBF55F68-6E0B-4E27-8CDD-03BC2F0D11E3}.Debug|Any CPU.ActiveCfg = Debug|Any CPU
		{FBF55F68-6E0B-4E27-8CDD-03BC2F0D11E3}.Debug|Any CPU.Build.0 = Debug|Any CPU
		{FBF55F68-6E0B-4E27-8CDD-03BC2F0D11E3}.Release|Any CPU.ActiveCfg = Release|Any CPU
		{FBF55F68-6E0B-4E27-8CDD-03BC2F0D11E3}.Release|Any CPU.Build.0 = Release|Any CPU
		{F4BB3AA5-5321-4E8B-A16C-73114DC6EC0B}.Debug|Any CPU.ActiveCfg = Debug|Any CPU
		{F4BB3AA5-5321-4E8B-A16C-73114DC6EC0B}.Debug|Any CPU.Build.0 = Debug|Any CPU
		{F4BB3AA5-5321-4E8B-A16C-73114DC6EC0B}.Release|Any CPU.ActiveCfg = Release|Any CPU
		{F4BB3AA5-5321-4E8B-A16C-73114DC6EC0B}.Release|Any CPU.Build.0 = Release|Any CPU
		{9F76AC7D-AC9F-4D6F-B792-D4F507A5A48C}.Debug|Any CPU.ActiveCfg = Debug|Any CPU
		{9F76AC7D-AC9F-4D6F-B792-D4F507A5A48C}.Debug|Any CPU.Build.0 = Debug|Any CPU
		{9F76AC7D-AC9F-4D6F-B792-D4F507A5A48C}.Release|Any CPU.ActiveCfg = Release|Any CPU
		{9F76AC7D-AC9F-4D6F-B792-D4F507A5A48C}.Release|Any CPU.Build.0 = Release|Any CPU
		{D2ED6C36-B7CF-4486-A1D7-74CA9272B40F}.Debug|Any CPU.ActiveCfg = Debug|Any CPU
		{D2ED6C36-B7CF-4486-A1D7-74CA9272B40F}.Debug|Any CPU.Build.0 = Debug|Any CPU
		{D2ED6C36-B7CF-4486-A1D7-74CA9272B40F}.Release|Any CPU.ActiveCfg = Release|Any CPU
		{D2ED6C36-B7CF-4486-A1D7-74CA9272B40F}.Release|Any CPU.Build.0 = Release|Any CPU
		{FE013EFF-FB08-426D-96C2-A731F3377263}.Debug|Any CPU.ActiveCfg = Debug|Any CPU
		{FE013EFF-FB08-426D-96C2-A731F3377263}.Debug|Any CPU.Build.0 = Debug|Any CPU
		{FE013EFF-FB08-426D-96C2-A731F3377263}.Release|Any CPU.ActiveCfg = Release|Any CPU
		{FE013EFF-FB08-426D-96C2-A731F3377263}.Release|Any CPU.Build.0 = Release|Any CPU
		{357E1E2B-594B-4941-9587-AFD41188F6B6}.Debug|Any CPU.ActiveCfg = Debug|Any CPU
		{357E1E2B-594B-4941-9587-AFD41188F6B6}.Debug|Any CPU.Build.0 = Debug|Any CPU
		{357E1E2B-594B-4941-9587-AFD41188F6B6}.Release|Any CPU.ActiveCfg = Release|Any CPU
		{357E1E2B-594B-4941-9587-AFD41188F6B6}.Release|Any CPU.Build.0 = Release|Any CPU
		{6CACB70F-F90C-4EE5-9278-CE1D4473344A}.Debug|Any CPU.ActiveCfg = Debug|Any CPU
		{6CACB70F-F90C-4EE5-9278-CE1D4473344A}.Debug|Any CPU.Build.0 = Debug|Any CPU
		{6CACB70F-F90C-4EE5-9278-CE1D4473344A}.Release|Any CPU.ActiveCfg = Release|Any CPU
		{6CACB70F-F90C-4EE5-9278-CE1D4473344A}.Release|Any CPU.Build.0 = Release|Any CPU
	EndGlobalSection
	GlobalSection(SolutionProperties) = preSolution
		HideSolutionNode = FALSE
	EndGlobalSection
	GlobalSection(NestedProjects) = preSolution
		{8655B059-68C3-4F69-9912-3701101BA173} = {4F9D233C-D736-4288-B6BC-054E29E7B9E2}
		{457172DB-B7DE-4288-80A4-416B8CE52FE9} = {4F9D233C-D736-4288-B6BC-054E29E7B9E2}
		{E2BB1D0A-6FC5-442C-A3E6-0C9A78ADB5A3} = {4F9D233C-D736-4288-B6BC-054E29E7B9E2}
		{86FCAF1E-33B7-40EF-9491-EC08C3953A92} = {4F9D233C-D736-4288-B6BC-054E29E7B9E2}
		{1A1F89E3-C727-461E-80B5-A9D2F3DA3776} = {59A68D2F-B8B2-4C7D-8529-8D1A31DBE3A6}
		{D03B9827-9079-435F-AA75-3E98C4D6CB25} = {59A68D2F-B8B2-4C7D-8529-8D1A31DBE3A6}
		{655B85A8-DEF8-4A96-8B60-EAD5E7BA0677} = {59A68D2F-B8B2-4C7D-8529-8D1A31DBE3A6}
		{929F1C47-D88A-4562-BDCD-8330A0C62F75} = {59A68D2F-B8B2-4C7D-8529-8D1A31DBE3A6}
		{76FF5C9D-EDDB-4FF4-89E8-7C46F7C366FB} = {8D2075DB-DCB0-4DF5-9A97-AB9EB8162808}
		{1CD4FBFD-4B08-4DC5-9759-DCABC6AC3350} = {824A62C8-CDD9-4F6C-B5CC-5EAB65D9A7D5}
		{CEF38FDF-B575-4091-8DA4-7D77C2A158ED} = {824A62C8-CDD9-4F6C-B5CC-5EAB65D9A7D5}
		{6E3505D4-D666-4C34-855D-0513CD7D8890} = {824A62C8-CDD9-4F6C-B5CC-5EAB65D9A7D5}
		{FBF55F68-6E0B-4E27-8CDD-03BC2F0D11E3} = {824A62C8-CDD9-4F6C-B5CC-5EAB65D9A7D5}
		{F4BB3AA5-5321-4E8B-A16C-73114DC6EC0B} = {824A62C8-CDD9-4F6C-B5CC-5EAB65D9A7D5}
		{9F76AC7D-AC9F-4D6F-B792-D4F507A5A48C} = {6E211AE6-C138-4734-B62A-67C5DB1406FE}
		{D2ED6C36-B7CF-4486-A1D7-74CA9272B40F} = {6E211AE6-C138-4734-B62A-67C5DB1406FE}
		{FE013EFF-FB08-426D-96C2-A731F3377263} = {6E211AE6-C138-4734-B62A-67C5DB1406FE}
		{357E1E2B-594B-4941-9587-AFD41188F6B6} = {6E211AE6-C138-4734-B62A-67C5DB1406FE}
		{6CACB70F-F90C-4EE5-9278-CE1D4473344A} = {6E211AE6-C138-4734-B62A-67C5DB1406FE}
	EndGlobalSection
	GlobalSection(ExtensibilityGlobals) = postSolution
		SolutionGuid = {80C05648-F2CA-4FC5-AC01-A71078257AC8}
	EndGlobalSection
EndGlobal
